
Microsoft Visual Studio Solution File, Format Version 12.00
# Visual Studio Version 17
VisualStudioVersion = 17.0.31919.166
MinimumVisualStudioVersion = 10.0.40219.1
Project("{FAE04EC0-301F-11D3-BF4B-00C04F79EFBC}") = "RedisExample", "RedisExample\RedisExample.csproj", "{534535D5-0E9F-4E5B-AE93-899A364A5191}"
EndProject
Global
	GlobalSection(SolutionConfigurationPlatforms) = preSolution
		Debug|Any CPU = Debug|Any CPU
		Release|Any CPU = Release|Any CPU
	EndGlobalSection
	GlobalSection(ProjectConfigurationPlatforms) = postSolution
		{534535D5-0E9F-4E5B-AE93-899A364A5191}.Debug|Any CPU.ActiveCfg = Debug|Any CPU
		{534535D5-0E9F-4E5B-AE93-899A364A5191}.Debug|Any CPU.Build.0 = Debug|Any CPU
		{534535D5-0E9F-4E5B-AE93-899A364A5191}.Release|Any CPU.ActiveCfg = Release|Any CPU
		{534535D5-0E9F-4E5B-AE93-899A364A5191}.Release|Any CPU.Build.0 = Release|Any CPU
	EndGlobalSection
	GlobalSection(SolutionProperties) = preSolution
		HideSolutionNode = FALSE
	EndGlobalSection
	GlobalSection(ExtensibilityGlobals) = postSolution
		SolutionGuid = {83294373-E353-4D17-8BB3-57F0D3A71790}
	EndGlobalSection
EndGlobal
